Microsoft Visual Studio Solution File, Format Version 12.00
# Visual Studio Version 17
VisualStudioVersion = 17.5.2.0
MinimumVisualStudioVersion = 10.0.40219.1
Project("{FAE04EC0-301F-11D3-BF4B-00C04F79EFBC}") = "Backend.Presentation", "Backend\Presentation\Backend.Presentation.csproj", "{B5CEE1AB-68C5-FCEC-EA61-653FFB609ED2}"
EndProject
Project("{FAE04EC0-301F-11D3-BF4B-00C04F79EFBC}") = "Backend.Domain", "Backend\Domain\Backend.Domain.csproj", "{233EE5F3-16B1-441A-9CF1-0BB34FE62F78}"
EndProject
Project("{FAE04EC0-301F-11D3-BF4B-00C04F79EFBC}") = "Backend.Infrastructure", "Backend\Infrastructure\Backend.Infrastructure.csproj", "{AE92E806-B06A-46F9-B2D3-F77006F00268}"
EndProject
Project("{FAE04EC0-301F-11D3-BF4B-00C04F79EFBC}") = "Backend.Application", "Backend\Application\Backend.Application.csproj", "{4BFF1AF1-93B0-489B-B32B-A177FD9C620F}"
EndProject
Global
	GlobalSection(SolutionConfigurationPlatforms) = preSolution
		Debug|Any CPU = Debug|Any CPU
		Release|Any CPU = Release|Any CPU
	EndGlobalSection
	GlobalSection(ProjectConfigurationPlatforms) = postSolution
		{B5CEE1AB-68C5-FCEC-EA61-653FFB609ED2}.Debug|Any CPU.ActiveCfg = Debug|Any CPU
		{B5CEE1AB-68C5-FCEC-EA61-653FFB609ED2}.Debug|Any CPU.Build.0 = Debug|Any CPU
		{B5CEE1AB-68C5-FCEC-EA61-653FFB609ED2}.Release|Any CPU.ActiveCfg = Release|Any CPU
		{B5CEE1AB-68C5-FCEC-EA61-653FFB609ED2}.Release|Any CPU.Build.0 = Release|Any CPU
		{233EE5F3-16B1-441A-9CF1-0BB34FE62F78}.Debug|Any CPU.ActiveCfg = Debug|Any CPU
		{233EE5F3-16B1-441A-9CF1-0BB34FE62F78}.Debug|Any CPU.Build.0 = Debug|Any CPU
		{233EE5F3-16B1-441A-9CF1-0BB34FE62F78}.Release|Any CPU.ActiveCfg = Release|Any CPU
		{233EE5F3-16B1-441A-9CF1-0BB34FE62F78}.Release|Any CPU.Build.0 = Release|Any CPU
		{AE92E806-B06A-46F9-B2D3-F77006F00268}.Debug|Any CPU.ActiveCfg = Debug|Any CPU
		{AE92E806-B06A-46F9-B2D3-F77006F00268}.Debug|Any CPU.Build.0 = Debug|Any CPU
		{AE92E806-B06A-46F9-B2D3-F77006F00268}.Release|Any CPU.ActiveCfg = Release|Any CPU
		{AE92E806-B06A-46F9-B2D3-F77006F00268}.Release|Any CPU.Build.0 = Release|Any CPU
		{4BFF1AF1-93B0-489B-B32B-A177FD9C620F}.Debug|Any CPU.ActiveCfg = Debug|Any CPU
		{4BFF1AF1-93B0-489B-B32B-A177FD9C620F}.Debug|Any CPU.Build.0 = Debug|Any CPU
		{4BFF1AF1-93B0-489B-B32B-A177FD9C620F}.Release|Any CPU.ActiveCfg = Release|Any CPU
		{4BFF1AF1-93B0-489B-B32B-A177FD9C620F}.Release|Any CPU.Build.0 = Release|Any CPU
	EndGlobalSection
	GlobalSection(SolutionProperties) = preSolution
		HideSolutionNode = FALSE
	EndGlobalSection
	GlobalSection(ExtensibilityGlobals) = postSolution
		SolutionGuid = {05100433-33EF-41E8-ADBB-7A2764BA72A1}
	EndGlobalSection
EndGlobal
